
Microsoft Visual Studio Solution File, Format Version 12.00
# Visual Studio Version 16
VisualStudioVersion = 25.0.1704.1
MinimumVisualStudioVersion = 10.0.40219.1
Project("{FAE04EC0-301F-11D3-BF4B-00C04F79EFBC}") = "MindBox", "MindBox\MindBox.csproj", "{F772D14A-5E79-4544-96AE-C3188D87B98D}"
EndProject
Project("{FAE04EC0-301F-11D3-BF4B-00C04F79EFBC}") = "MindBoxTests", "MindBoxTests\MindBoxTests.csproj", "{1C924E72-5D11-45CD-B430-DD05178B3446}"
EndProject
Global
	GlobalSection(SolutionConfigurationPlatforms) = preSolution
		Debug|Any CPU = Debug|Any CPU
		Release|Any CPU = Release|Any CPU
	EndGlobalSection
	GlobalSection(ProjectConfigurationPlatforms) = postSolution
		{F772D14A-5E79-4544-96AE-C3188D87B98D}.Debug|Any CPU.ActiveCfg = Debug|Any CPU
		{F772D14A-5E79-4544-96AE-C3188D87B98D}.Debug|Any CPU.Build.0 = Debug|Any CPU
		{F772D14A-5E79-4544-96AE-C3188D87B98D}.Release|Any CPU.ActiveCfg = Release|Any CPU
		{F772D14A-5E79-4544-96AE-C3188D87B98D}.Release|Any CPU.Build.0 = Release|Any CPU
		{1C924E72-5D11-45CD-B430-DD05178B3446}.Debug|Any CPU.ActiveCfg = Debug|Any CPU
		{1C924E72-5D11-45CD-B430-DD05178B3446}.Debug|Any CPU.Build.0 = Debug|Any CPU
		{1C924E72-5D11-45CD-B430-DD05178B3446}.Release|Any CPU.ActiveCfg = Release|Any CPU
		{1C924E72-5D11-45CD-B430-DD05178B3446}.Release|Any CPU.Build.0 = Release|Any CPU
	EndGlobalSection
	GlobalSection(SolutionProperties) = preSolution
		HideSolutionNode = FALSE
	EndGlobalSection
	GlobalSection(ExtensibilityGlobals) = postSolution
		SolutionGuid = {8C2BD1CA-9A2D-4E9E-8863-5BDCC6D29E80}
	EndGlobalSection
EndGlobal
